lockfileVersion: '9.0'

settings:
  autoInstallPeers: true
  excludeLinksFromLockfile: false

importers:

  .:
    dependencies:
      '@continuedev/config-types':
        specifier: 'file:'
        version: 'file:'
      zod:
        specifier: ^3.24.2
        version: 3.24.3
    devDependencies:
      '@types/node':
        specifier: ^20.11.19
        version: 20.17.30
      typescript:
        specifier: ^5.5.2
        version: 5.8.3

packages:

  '@continuedev/config-types@file:':
    resolution: {directory: '', type: directory}

  '@types/node@20.17.30':
    resolution: {integrity: sha512-7zf4YyHA+jvBNfVrk2Gtvs6x7E8V+YDW05bNfG2XkWDJfYRXrTiP/DsB2zSYTaHX0bGIujTBQdMVAhb+j7mwpg==}

  typescript@5.8.3:
    resolution: {integrity: sha512-p1diW6TqL9L07nNxvRMM7hMMw4c5XOo/1ibL4aAIGmSAt9slTE1Xgw5KWuof2uTOvCg9BY7ZRi+GaF+7sfgPeQ==}
    engines: {node: '>=14.17'}
    hasBin: true

  undici-types@6.19.8:
    resolution: {integrity: sha512-ve2KP6f/JnbPBFyobGHuerC9g1FYGn/F8n1LWTwNxCEzd6IfqTwUQcNXgEtmmQ6DlRrC1hrSrBnCZPokRrDHjw==}

  zod@3.24.3:
    resolution: {integrity: sha512-HhY1oqzWCQWuUqvBFnsyrtZRhyPeR7SUGv+C4+MsisMuVfSPx8HpwWqH8tRahSlt6M3PiFAcoeFhZAqIXTxoSg==}

snapshots:

  '@continuedev/config-types@file:':
    dependencies:
      zod: 3.24.3

  '@types/node@20.17.30':
    dependencies:
      undici-types: 6.19.8

  typescript@5.8.3: {}

  undici-types@6.19.8: {}

  zod@3.24.3: {}
